<?xml version="1.0" encoding="utf-8"?>
<Project ToolsVersion="4.0" xmlns="http://schemas.microsoft.com/developer/msbuild/2003">
  <ItemGroup>
    <Filter Include="Source Files">
      <UniqueIdentifier>{4FC737F1-C7A5-4376-A066-2A32D752A2FF}</UniqueIdentifier>
      <Extensions>cpp;c;cc;cxx;def;odl;idl;hpj;bat;asm;asmx</Extensions>
    </Filter>
    <Filter Include="Header Files">
      <UniqueIdentifier>{93995380-89BD-4b04-88EB-625FBE52EBFB}</UniqueIdentifier>
      <Extensions>h;hh;hpp;hxx;hm;inl;inc;xsd</Extensions>
    </Filter>
    <Filter Include="Resource Files">
      <UniqueIdentifier>{67DA6AB6-F800-4c08-8B7A-83BB121AAD01}</UniqueIdentifier>
      <Extensions>rc;ico;cur;bmp;dlg;rc2;rct;bin;rgs;gif;jpg;jpeg;jpe;resx;tiff;tif;png;wav;mfcribbon-ms</Extensions>
    </Filter>
    <Filter Include="Game Object">
      <UniqueIdentifier>{61339191-529a-478d-b3f2-d953316cdbb6}</UniqueIdentifier>
    </Filter>
    <Filter Include="Game">
      <UniqueIdentifier>{8991292f-db80-413e-b63b-4554c143c2bd}</UniqueIdentifier>
    </Filter>
    <Filter Include="Game Object\simon">
      <UniqueIdentifier>{d8736913-b2d3-4692-9159-6d364c402363}</UniqueIdentifier>
    </Filter>
    <Filter Include="Tilemap">
      <UniqueIdentifier>{f72402b9-17e5-4111-abc5-21a7391ccb15}</UniqueIdentifier>
    </Filter>
    <Filter Include="Game Object\simon\Weapon">
      <UniqueIdentifier>{3ede9246-24d5-4e6b-b139-737dc8ff7445}</UniqueIdentifier>
    </Filter>
    <Filter Include="Texture">
      <UniqueIdentifier>{af3c0279-e9f3-4de0-bf6f-ce7049633a56}</UniqueIdentifier>
    </Filter>
    <Filter Include="Game Object\Items">
      <UniqueIdentifier>{63f64177-55ea-463c-8068-556e44879792}</UniqueIdentifier>
    </Filter>
    <Filter Include="Game Object\Enemy">
      <UniqueIdentifier>{db733c66-8e2a-4410-a146-e50416df6abf}</UniqueIdentifier>
    </Filter>
    <Filter Include="Game Object\GroundObject">
      <UniqueIdentifier>{b897240b-50c3-4a7e-b7d7-da6dca4afcab}</UniqueIdentifier>
    </Filter>
    <Filter Include="Game Object\GroundObject\Stactic Object">
      <UniqueIdentifier>{ca620bac-72fb-4079-8a26-deefd0c8a561}</UniqueIdentifier>
    </Filter>
    <Filter Include="Game Object\GroundObject\Transparent Object">
      <UniqueIdentifier>{cb8134d2-82d1-41b1-b411-c047cec6aa01}</UniqueIdentifier>
    </Filter>
    <Filter Include="Game Object\Effect">
      <UniqueIdentifier>{955ef0c4-6d2c-4c67-878b-df74fce09558}</UniqueIdentifier>
    </Filter>
    <Filter Include="HUD">
      <UniqueIdentifier>{b7b8c86b-527c-4702-8ffe-74b278753b39}</UniqueIdentifier>
    </Filter>
  </ItemGroup>
  <ItemGroup>
    <ClCompile Include="main.cpp">
      <Filter>Source Files</Filter>
    </ClCompile>
    <ClCompile Include="GameObject.cpp">
      <Filter>Game Object</Filter>
    </ClCompile>
    <ClCompile Include="Game.cpp">
      <Filter>Game</Filter>
    </ClCompile>
    <ClCompile Include="Simon.cpp">
      <Filter>Game Object\simon</Filter>
    </ClCompile>
    <ClCompile Include="TileMap.cpp">
      <Filter>Tilemap</Filter>
    </ClCompile>
    <ClCompile Include="Torch.cpp">
      <Filter>Game Object\GroundObject\Stactic Object</Filter>
    </ClCompile>
    <ClCompile Include="StaticObjects.cpp">
      <Filter>Game Object\GroundObject\Stactic Object</Filter>
    </ClCompile>
    <ClCompile Include="TransparentObjects.cpp">
      <Filter>Game Object\GroundObject\Transparent Object</Filter>
    </ClCompile>
    <ClCompile Include="Wall.cpp">
      <Filter>Game Object\GroundObject\Transparent Object</Filter>
    </ClCompile>
    <ClCompile Include="Weapon.cpp">
      <Filter>Game Object\simon\Weapon</Filter>
    </ClCompile>
    <ClCompile Include="Whip.cpp">
      <Filter>Game Object\simon\Weapon</Filter>
    </ClCompile>
    <ClCompile Include="Brick.cpp">
      <Filter>Game Object\GroundObject\Stactic Object</Filter>
    </ClCompile>
    <ClCompile Include="Mario.cpp">
      <Filter>Game Object</Filter>
    </ClCompile>
    <ClCompile Include="Animations.cpp">
      <Filter>Game</Filter>
    </ClCompile>
    <ClCompile Include="Sprites.cpp">
      <Filter>Game</Filter>
    </ClCompile>
    <ClCompile Include="Scence.cpp">
      <Filter>Game</Filter>
    </ClCompile>
    <ClCompile Include="PlayScence.cpp">
      <Filter>Game</Filter>
    </ClCompile>
    <ClCompile Include="Utils.cpp">
      <Filter>Game</Filter>
    </ClCompile>
    <ClCompile Include="Portal.cpp">
      <Filter>Game Object\GroundObject\Transparent Object</Filter>
    </ClCompile>
    <ClCompile Include="Textures.cpp">
      <Filter>Texture</Filter>
    </ClCompile>
    <ClCompile Include="Koopas.cpp">
      <Filter>Game Object\Enemy</Filter>
    </ClCompile>
    <ClCompile Include="Goomba.cpp">
      <Filter>Game Object\Enemy</Filter>
    </ClCompile>
    <ClCompile Include="BigHeart.cpp">
      <Filter>Game Object\Items</Filter>
    </ClCompile>
    <ClCompile Include="WhipUpgrade.cpp">
      <Filter>Game Object\Items</Filter>
    </ClCompile>
    <ClCompile Include="ItemDagger.cpp">
      <Filter>Game Object\Items</Filter>
    </ClCompile>
    <ClCompile Include="Dagger.cpp">
      <Filter>Game Object\simon\Weapon</Filter>
    </ClCompile>
    <ClCompile Include="MoneyBag.cpp">
      <Filter>Game Object\Items</Filter>
    </ClCompile>
    <ClCompile Include="Candle.cpp">
      <Filter>Game Object\GroundObject\Stactic Object</Filter>
    </ClCompile>
    <ClCompile Include="ItemBoomerang.cpp">
      <Filter>Game Object\Items</Filter>
    </ClCompile>
    <ClCompile Include="Stair.cpp">
      <Filter>Game Object\GroundObject\Transparent Object</Filter>
    </ClCompile>
    <ClCompile Include="Enemy.cpp">
      <Filter>Game Object\Enemy</Filter>
    </ClCompile>
    <ClCompile Include="Boomerang.cpp">
      <Filter>Game Object\simon\Weapon</Filter>
    </ClCompile>
    <ClCompile Include="Bat.cpp">
      <Filter>Game Object\Enemy</Filter>
    </ClCompile>
    <ClCompile Include="BlackKnight.cpp">
      <Filter>Game Object\Enemy</Filter>
    </ClCompile>
    <ClCompile Include="MovingBrick.cpp">
      <Filter>Game Object</Filter>
    </ClCompile>
    <ClCompile Include="SmallHeart.cpp">
      <Filter>Game Object\Items</Filter>
    </ClCompile>
    <ClCompile Include="Ghost.cpp">
      <Filter>Game Object\Enemy</Filter>
    </ClCompile>
    <ClCompile Include="Fleaman.cpp">
      <Filter>Game Object\Enemy</Filter>
    </ClCompile>
    <ClCompile Include="ZombieZone.cpp">
      <Filter>Game Object\GroundObject\Transparent Object</Filter>
    </ClCompile>
    <ClCompile Include="Zombie.cpp">
      <Filter>Game Object\Enemy</Filter>
    </ClCompile>
    <ClCompile Include="Raven.cpp">
      <Filter>Game Object\Enemy</Filter>
    </ClCompile>
    <ClCompile Include="Skeleton.cpp">
      <Filter>Game Object\Enemy</Filter>
    </ClCompile>
    <ClCompile Include="Bone.cpp">
      <Filter>Game Object\Enemy</Filter>
    </ClCompile>
    <ClCompile Include="ItemAxe.cpp">
      <Filter>Game Object\Items</Filter>
    </ClCompile>
    <ClCompile Include="Axe.cpp">
      <Filter>Game Object\simon\Weapon</Filter>
    </ClCompile>
    <ClCompile Include="Grid.cpp">
      <Filter>Game</Filter>
    </ClCompile>
    <ClCompile Include="HiddenObject.cpp">
      <Filter>Game Object\GroundObject</Filter>
    </ClCompile>
    <ClCompile Include="GroundObject.cpp">
      <Filter>Game Object\GroundObject</Filter>
    </ClCompile>
    <ClCompile Include="PhantomBat.cpp">
      <Filter>Game Object\Enemy</Filter>
    </ClCompile>
    <ClCompile Include="Item.cpp">
      <Filter>Game Object\Items</Filter>
    </ClCompile>
    <ClCompile Include="MultishotItem.cpp">
      <Filter>Game Object\Items</Filter>
    </ClCompile>
    <ClCompile Include="Effect.cpp">
      <Filter>Game Object\Effect</Filter>
    </ClCompile>
    <ClCompile Include="BreakableBrickEffect.cpp">
      <Filter>Game Object\Effect</Filter>
    </ClCompile>
    <ClCompile Include="PotRoast.cpp">
      <Filter>Game Object\Items</Filter>
    </ClCompile>
    <ClCompile Include="HUD.cpp">
      <Filter>HUD</Filter>
    </ClCompile>
    <ClCompile Include="Text.cpp">
      <Filter>HUD</Filter>
    </ClCompile>
  </ItemGroup>
  <ItemGroup>
    <ClInclude Include="GameObject.h">
      <Filter>Game Object</Filter>
    </ClInclude>
    <ClInclude Include="Game.h">
      <Filter>Game</Filter>
    </ClInclude>
    <ClInclude Include="Simon.h">
      <Filter>Game Object\simon</Filter>
    </ClInclude>
    <ClInclude Include="define.h">
      <Filter>Header Files</Filter>
    </ClInclude>
    <ClInclude Include="TileMap.h">
      <Filter>Tilemap</Filter>
    </ClInclude>
    <ClInclude Include="Torch.h">
      <Filter>Game Object\GroundObject\Stactic Object</Filter>
    </ClInclude>
    <ClInclude Include="StaticObjects.h">
      <Filter>Game Object\GroundObject\Stactic Object</Filter>
    </ClInclude>
    <ClInclude Include="TransparentObjects.h">
      <Filter>Game Object\GroundObject\Transparent Object</Filter>
    </ClInclude>
    <ClInclude Include="Wall.h">
      <Filter>Game Object\GroundObject\Transparent Object</Filter>
    </ClInclude>
    <ClInclude Include="Weapon.h">
      <Filter>Game Object\simon\Weapon</Filter>
    </ClInclude>
    <ClInclude Include="Whip.h">
      <Filter>Game Object\simon\Weapon</Filter>
    </ClInclude>
    <ClInclude Include="Brick.h">
      <Filter>Game Object\GroundObject\Stactic Object</Filter>
    </ClInclude>
    <ClInclude Include="Mario.h">
      <Filter>Game Object</Filter>
    </ClInclude>
    <ClInclude Include="Animations.h">
      <Filter>Game</Filter>
    </ClInclude>
    <ClInclude Include="Sprites.h">
      <Filter>Game</Filter>
    </ClInclude>
    <ClInclude Include="Scence.h">
      <Filter>Game</Filter>
    </ClInclude>
    <ClInclude Include="PlayScence.h">
      <Filter>Game</Filter>
    </ClInclude>
    <ClInclude Include="Utils.h">
      <Filter>Game</Filter>
    </ClInclude>
    <ClInclude Include="KeyEventHandler.h">
      <Filter>Game</Filter>
    </ClInclude>
    <ClInclude Include="Portal.h">
      <Filter>Game Object\GroundObject\Transparent Object</Filter>
    </ClInclude>
    <ClInclude Include="Textures.h">
      <Filter>Texture</Filter>
    </ClInclude>
    <ClInclude Include="Goomba.h">
      <Filter>Game Object\Enemy</Filter>
    </ClInclude>
    <ClInclude Include="Koopas.h">
      <Filter>Game Object\Enemy</Filter>
    </ClInclude>
    <ClInclude Include="BigHeart.h">
      <Filter>Game Object\Items</Filter>
    </ClInclude>
    <ClInclude Include="WhipUpgrade.h">
      <Filter>Game Object\Items</Filter>
    </ClInclude>
    <ClInclude Include="ItemDagger.h">
      <Filter>Game Object\Items</Filter>
    </ClInclude>
    <ClInclude Include="Dagger.h">
      <Filter>Game Object\simon\Weapon</Filter>
    </ClInclude>
    <ClInclude Include="MoneyBag.h">
      <Filter>Game Object\Items</Filter>
    </ClInclude>
    <ClInclude Include="Candle.h">
      <Filter>Game Object\GroundObject\Stactic Object</Filter>
    </ClInclude>
    <ClInclude Include="ItemBoomerang.h">
      <Filter>Game Object\Items</Filter>
    </ClInclude>
    <ClInclude Include="Stair.h">
      <Filter>Game Object\GroundObject\Transparent Object</Filter>
    </ClInclude>
    <ClInclude Include="Enemy.h">
      <Filter>Game Object\Enemy</Filter>
    </ClInclude>
    <ClInclude Include="Boomerang.h">
      <Filter>Game Object\simon\Weapon</Filter>
    </ClInclude>
    <ClInclude Include="Bat.h">
      <Filter>Game Object\Enemy</Filter>
    </ClInclude>
    <ClInclude Include="BlackKnight.h">
      <Filter>Game Object\Enemy</Filter>
    </ClInclude>
    <ClInclude Include="MovingBrick.h">
      <Filter>Game Object</Filter>
    </ClInclude>
    <ClInclude Include="SmallHeart.h">
      <Filter>Game Object\Items</Filter>
    </ClInclude>
    <ClInclude Include="Ghost.h">
      <Filter>Game Object\Enemy</Filter>
    </ClInclude>
    <ClInclude Include="Fleaman.h">
      <Filter>Game Object\Enemy</Filter>
    </ClInclude>
    <ClInclude Include="ZombieZone.h">
      <Filter>Game Object\GroundObject\Transparent Object</Filter>
    </ClInclude>
    <ClInclude Include="Zombie.h">
      <Filter>Game Object\Enemy</Filter>
    </ClInclude>
    <ClInclude Include="Raven.h">
      <Filter>Game Object\Enemy</Filter>
    </ClInclude>
    <ClInclude Include="Skeleton.h">
      <Filter>Game Object\Enemy</Filter>
    </ClInclude>
    <ClInclude Include="Bone.h">
      <Filter>Game Object\Enemy</Filter>
    </ClInclude>
    <ClInclude Include="ItemAxe.h">
      <Filter>Game Object\Items</Filter>
    </ClInclude>
    <ClInclude Include="Axe.h">
      <Filter>Game Object\simon\Weapon</Filter>
    </ClInclude>
    <ClInclude Include="Grid.h">
      <Filter>Game</Filter>
    </ClInclude>
    <ClInclude Include="HiddenObject.h">
      <Filter>Game Object\GroundObject</Filter>
    </ClInclude>
    <ClInclude Include="GroundObject.h">
      <Filter>Game Object\GroundObject</Filter>
    </ClInclude>
    <ClInclude Include="PhantomBat.h">
      <Filter>Game Object\Enemy</Filter>
    </ClInclude>
    <ClInclude Include="Item.h">
      <Filter>Game Object\Items</Filter>
    </ClInclude>
    <ClInclude Include="MultishotItem.h">
      <Filter>Game Object\Items</Filter>
    </ClInclude>
    <ClInclude Include="Effect.h">
      <Filter>Game Object\Effect</Filter>
    </ClInclude>
    <ClInclude Include="BreakableBrickEffect.h">
      <Filter>Game Object\Effect</Filter>
    </ClInclude>
    <ClInclude Include="PotRoast.h">
      <Filter>Game Object\Items</Filter>
    </ClInclude>
    <ClInclude Include="HUD.h">
      <Filter>HUD</Filter>
    </ClInclude>
    <ClInclude Include="Text.h">
      <Filter>HUD</Filter>
    </ClInclude>
  </ItemGroup>
</Project>